{
  "lockVersion" : 1,
  "timestamp" : "2026-07-07T11:37:53.990221Z",
  "configurations" : [
    "compile",
    "optional",
    "provided",
    "runtime",
    "test"
  ],
  "dependencies" : [
    {
      "org" : "com.demo",
      "name" : "lib-a",
      "version" : "1.0.0",
      "artifacts" : [
        {
          "name" : "lib-a.jar",
          "hash" : "sha1:c67db0b0adbebac1ae2b9d20eec1823fd79ec910"
        }
      ],
      "configurations" : [
        "compile",
        "runtime",
        "test"
      ]
    },
    {
      "org" : "com.demo",
      "name" : "lib-b",
      "version" : "1.0.0",
      "artifacts" : [
        {
          "name" : "lib-b.jar",
          "hash" : "sha1:c67db0b0adbebac1ae2b9d20eec1823fd79ec910"
        }
      ],
      "configurations" : [
        "compile",
        "runtime",
        "test"
      ]
    },
    {
      "org" : "com.demo",
      "name" : "lib-c",
      "version" : "1.0.0",
      "artifacts" : [
        {
          "name" : "lib-c.jar",
          "hash" : "sha1:c67db0b0adbebac1ae2b9d20eec1823fd79ec910"
        }
      ],
      "configurations" : [
        "compile",
        "runtime",
        "test"
      ]
    },
    {
      "org" : "org.scala-lang",
      "name" : "scala-library",
      "version" : "2.13.12",
      "artifacts" : [
        {
          "name" : "scala-library.jar",
          "hash" : "sha1:3c51da898af4ebfac356fcde11388afb2ae8ee82"
        }
      ],
      "configurations" : [
        "compile",
        "runtime",
        "test"
      ]
    }
  ]
}